
Microsoft Visual Studio Solution File, Format Version 12.00
# Visual Studio Version 17
VisualStudioVersion = 17.8.34525.116
MinimumVisualStudioVersion = 10.0.40219.1
Project("{FAE04EC0-301F-11D3-BF4B-00C04F79EFBC}") = "VillageRentals", "VillageRentals\VillageRentals.csproj", "{DFFC5063-D86C-4341-8415-648F5C56E06E}"
EndProject
Global
	GlobalSection(SolutionConfigurationPlatforms) = preSolution
		Debug|Any CPU = Debug|Any CPU
		Release|Any CPU = Release|Any CPU
	EndGlobalSection
	GlobalSection(ProjectConfigurationPlatforms) = postSolution
		{DFFC5063-D86C-4341-8415-648F5C56E06E}.Debug|Any CPU.ActiveCfg = Debug|Any CPU
		{DFFC5063-D86C-4341-8415-648F5C56E06E}.Debug|Any CPU.Build.0 = Debug|Any CPU
		{DFFC5063-D86C-4341-8415-648F5C56E06E}.Debug|Any CPU.Deploy.0 = Debug|Any CPU
		{DFFC5063-D86C-4341-8415-648F5C56E06E}.Release|Any CPU.ActiveCfg = Release|Any CPU
		{DFFC5063-D86C-4341-8415-648F5C56E06E}.Release|Any CPU.Build.0 = Release|Any CPU
		{DFFC5063-D86C-4341-8415-648F5C56E06E}.Release|Any CPU.Deploy.0 = Release|Any CPU
	EndGlobalSection
	GlobalSection(SolutionProperties) = preSolution
		HideSolutionNode = FALSE
	EndGlobalSection
	GlobalSection(ExtensibilityGlobals) = postSolution
		SolutionGuid = {8903B098-ACAB-411C-A71C-223A89714761}
	EndGlobalSection
EndGlobal
